{
  "schema_version": "image-manifest-v1",
  "status": "v32-external-runs-complete-needs-review",
  "note": "v3.0 baseline is frozen, v3.1 schema-repair run is complete, and v3.2 summary_balanced/raw_balanced DeepSeek external runs are complete. Both v3.2 modes are schema-valid and parse-valid but remain NEEDS_REVIEW semantically. Docker topology and image digests were unchanged. If a future image is missing or pull fails, stop and request manual image acquisition.",
  "images": {
    "node_a_dionaea": {
      "image": "dinotools/dionaea",
      "tag": "latest",
      "digest": "sha256:6f06d0a6035c865cb60ef51bd96ff3b1f25ee4bfcd852dad3f551bc2d93464ca",
      "source": "community",
      "risk_note": "Mirror-assisted image is available locally, tagged as dinotools/dionaea:latest, digest-pinned, and smoke-tested PASS on 2026-06-26. Runtime requires service-specific internal writes plus narrow capabilities: CHOWN, FOWNER, DAC_OVERRIDE, NET_BIND_SERVICE, SETUID, SETGID."
    },
    "node_b_cowrie": {
      "image": "cowrie/cowrie",
      "tag": "latest",
      "digest": "sha256:b4817f185e522f5a66975568ff304ae02c042b65454c2542918f42dbaf1b31fa",
      "source": "project_docker_hub",
      "risk_note": "Mirror-assisted image is available locally, tagged as cowrie/cowrie:latest, digest-pinned, and smoke-tested PASS on 2026-06-26. Cowrie starts SSH on 2222 and Telnet on 2223 under read_only:true with the shared restricted profile."
    },
    "node_b_juice_shop": {
      "image": "bkimminich/juice-shop",
      "tag": "latest",
      "digest": "sha256:e68144772ebaaca0ec117b38d44903af92416793230288ef7c5437fc4f26850a",
      "source": "owasp_project_image",
      "risk_note": "Pulled and smoke-tested on 2026-06-26; compose uses container-internal writes because Juice Shop mutates SQLite/challenge files at startup."
    },
    "node_c_hfish_server": {
      "image": "chinayin/hfish",
      "tag": "2.6",
      "digest": "sha256:405142d67ceb73cf696927ad2b7c6e465aba8b4a2bb3a897b30b9b32448eb279",
      "source": "community_mirror_candidate",
      "risk_note": "Pulled and internally smoke-tested on 2026-06-26. Container starts HFish control UI and embedded honeypot services; host port publishing did not bind under the current internal-network compose policy, so formal use needs control-plane access policy cleanup."
    },
    "node_c_hfish_client": {
      "image": "chinayin/hfish",
      "tag": "2.6-client",
      "digest": "sha256:8cbef0a0d191cb6350f3efbcc7a9ccce529425b0f7e82c337b2c38b5050a2fae",
      "source": "community_mirror_candidate",
      "risk_note": "Mirror-assisted image is available locally, tagged as chinayin/hfish:2.6-client, digest-pinned, and smoke-tested PASS on 2026-06-26 using the local HFish bootstrap tarball flow. The generated client.tgz is stored only under gitignored runtime/ and the bootstrap override avoids exposing session-protected package URLs to the Client or the model."
    },
    "node_d_gitea": {
      "image": "gitea/gitea",
      "tag": "1.22-rootless",
      "digest": "sha256:4216d612992a25ed5fe6062679ca0be0b224f93c0b6fdba03e6c8f3d623cfb4e",
      "source": "gitea_project_image",
      "risk_note": "Pulled and smoke-tested for Scenario E on 2026-06-26; pin by digest for formal runs."
    },
    "node_d_postgres": {
      "image": "postgres",
      "tag": "16-alpine",
      "digest": "sha256:e013e867e712fec275706a6c51c966f0bb0c93cfa8f51000f85a15f9865a28cb",
      "source": "docker_official_image",
      "risk_note": "Pulled and smoke-tested as Gitea backing database on 2026-06-26; pin by digest for formal runs."
    },
    "adapter": {
      "image": "local-build",
      "tag": "realism-adapter-v1",
      "digest": null,
      "source": "local",
      "risk_note": "Build from repository scripts after adapter implementation."
    }
  },
  "observed_at": "2026-06-26 Asia/Shanghai",
  "artifacts": {
    "image_digests": "artifacts/docker_inspect/image_digests_20260626.txt",
    "node_d_smoke_ps": "artifacts/docker_inspect/scenario_e_smoke_ps_20260626.txt",
    "node_d_smoke_logs": "logs/gitea_raw/scenario_e_smoke_after_setuid_fix_20260626.log",
    "remaining_image_pull_log": "logs/docker_pull/remaining_images_pull_20260626.log",
    "node_b_juice_logs": "logs/gitea_raw/node_b_juice_smoke_after_policy_20260626.log",
    "node_b_juice_http_probe": "artifacts/docker_inspect/node_b_juice_http_probe_after_policy_20260626.txt",
    "compose_after_juice_policy": "artifacts/docker_inspect/compose_config_after_juice_policy_20260626.txt",
    "remaining_image_pull_summary": "artifacts/docker_inspect/remaining_image_pull_summary_20260626.tsv",
    "hfish_server_pull_log": "logs/docker_pull/hfish_server_pull_20260626.log",
    "hfish_server_smoke_log_sanitized": "logs/docker_pull/hfish_server_smoke_20260626.log",
    "hfish_server_internal_probe": "artifacts/docker_inspect/hfish_server_internal_probe_20260626.txt",
    "hfish_server_limited_probe": "artifacts/docker_inspect/hfish_server_probe_limited_20260626.txt",
    "node_b_cowrie_retry_log": "logs/docker_pull/node_b_cowrie_pull_retry_20260626.log",
    "pinned_compose_override": "configs/compose.realism-v1.pinned.yaml",
    "image_acquisition_after_tag": "artifacts/docker_inspect/image_acquisition_after_tag_20260626.json",
    "local_image_status_user_check": "artifacts/docker_inspect/local_image_status_user_check_20260626.txt",
    "node_a_dionaea_ps": "artifacts/docker_inspect/node_a_dionaea_ps_pass_20260626.txt",
    "node_a_dionaea_probe": "artifacts/docker_inspect/node_a_dionaea_probe_pass_20260626.txt",
    "node_a_dionaea_logs": "logs/docker_pull/node_a_dionaea_smoke_pass_20260626.log",
    "node_a_dionaea_report": "reports/node_a_dionaea_smoke_report.md",
    "compose_after_dionaea_policy": "artifacts/docker_inspect/compose_config_after_dionaea_policy_20260626.txt",
    "node_b_cowrie_startup_log": "logs/docker_pull/node_b_cowrie_smoke_up_20260626.log",
    "node_b_cowrie_logs": "logs/docker_pull/node_b_cowrie_smoke_20260626.log",
    "node_b_cowrie_ps": "artifacts/docker_inspect/node_b_cowrie_ps_20260626.txt",
    "node_b_cowrie_state": "artifacts/docker_inspect/node_b_cowrie_state_20260626.txt",
    "node_b_cowrie_inspect": "artifacts/docker_inspect/node_b_cowrie_inspect_20260626.json",
    "node_b_cowrie_report": "reports/node_b_cowrie_smoke_report.md",
    "hfish_client_report": "reports/node_c_hfish_client_smoke_report.md",
    "hfish_api_path_matrix": "artifacts/docker_inspect/hfish_api_path_matrix_20260626.txt",
    "hfish_node_package_generation_summary": "artifacts/docker_inspect/hfish_node_package_generation_summary_20260626.json",
    "hfish_node_package_retry_summary": "artifacts/docker_inspect/hfish_node_package_retry_summary_20260626.json",
    "node_c_hfish_client_first_state": "artifacts/docker_inspect/node_c_hfish_client_state_20260626.txt",
    "node_c_hfish_client_first_logs": "logs/docker_pull/node_c_hfish_client_smoke_20260626.log",
    "node_c_hfish_client_retry_state": "artifacts/docker_inspect/node_c_hfish_client_retry_state_20260626.txt",
    "node_c_hfish_client_retry_logs": "logs/docker_pull/node_c_hfish_client_retry_20260626.log",
    "hfish_server_after_client_retry_logs": "logs/docker_pull/hfish_server_after_client_retry_20260626.log",
    "hfish_client_bootstrap_script": "scripts/bootstrap_hfish_client_package.py",
    "hfish_client_bootstrap_override": "configs/compose.realism-v1.hfish-client-bootstrap.yaml",
    "hfish_client_bootstrap_summary": "artifacts/docker_inspect/hfish_client_bootstrap_summary_latest.json",
    "node_c_hfish_client_bootstrap_ps": "artifacts/docker_inspect/node_c_hfish_client_bootstrap_retry_ps_20260626.txt",
    "node_c_hfish_client_bootstrap_state": "artifacts/docker_inspect/node_c_hfish_client_bootstrap_retry_state_20260626.txt",
    "node_c_hfish_client_bootstrap_logs": "logs/docker_pull/node_c_hfish_client_bootstrap_retry_20260626.log",
    "hfish_server_after_client_bootstrap_logs": "logs/docker_pull/hfish_server_after_client_bootstrap_retry_20260626.log",
    "gitea_seed_script": "scripts/seed_gitea_real_service.py",
    "gitea_seed_report": "reports/gitea_seed_report.md",
    "gitea_seed_summary": "artifacts/docker_inspect/gitea_seed_summary_20260626.json",
    "materialized_artifact_node_b_deployment": "data/artifacts/node_b/deployment_note.md",
    "materialized_artifact_node_b_restore": "data/artifacts/node_b/restore_note.md",
    "materialized_artifact_node_c_service": "data/artifacts/node_c/service_note.txt",
    "materialized_artifact_node_c_link": "data/artifacts/node_c/internal_link_note.md",
    "live_adapter_script": "scripts/realism_adapter_live.py",
    "live_adapter_report": "reports/live_adapter_validation.md",
    "live_adapter_events": "data/telemetry/live_realism_events.jsonl",
    "live_adapter_observations": "data/telemetry/live_adapter_observations.jsonl",
    "deepseek_pilot_preflight_script": "scripts/realism_pilot_preflight.py",
    "deepseek_pilot_preflight_report": "reports/deepseek_seeded_pilot_preflight.md",
    "deepseek_pilot_runner": "scripts/run_deepseek_seeded_pilot.py",
    "deepseek_latest_dry_run_summary": "results/deepseek_seeded_pilot/deepseek-dry-run-materialized-artifacts-20260626/run_summary.json",
    "oracle_report_generator": "scripts/generate_live_oracle_reports.py",
    "live_oracle_reports": "data/telemetry/live_oracle_agent_reports.jsonl",
    "pilot_scorer": "scripts/score_deepseek_seeded_pilot.py",
    "scorer_validation_report": "results/scorer_validation/live_oracle_20260626/pilot_score_report.md",
    "scorer_validation_summary": "results/scorer_validation/live_oracle_20260626/summary.csv",
    "deepseek_external_api_gate": "reports/deepseek_external_api_gate_20260626.md",
    "deepseek_real_run_summary": "results/deepseek_seeded_pilot/deepseek-seeded-pilot-20260626/run_summary.json",
    "deepseek_real_prompts": "results/deepseek_seeded_pilot/deepseek-seeded-pilot-20260626/prompts.jsonl",
    "deepseek_real_responses": "results/deepseek_seeded_pilot/deepseek-seeded-pilot-20260626/responses.jsonl",
    "deepseek_real_score_report": "results/deepseek_seeded_pilot/deepseek-seeded-pilot-20260626/scores/pilot_score_report.md",
    "deepseek_real_score_summary": "results/deepseek_seeded_pilot/deepseek-seeded-pilot-20260626/scores/summary.csv",
    "deepseek_seeded_pilot_result_report": "reports/deepseek_seeded_pilot_result_20260626.md",
    "v3_0_freeze_report": "reports/v3_0_freeze_report_20260626.md",
    "v3_0_freeze_manifest": "artifacts/run_freeze/v3_0_manifest.json",
    "v3_0_freeze_sha256sums": "artifacts/run_freeze/v3_0_sha256sums.txt",
    "schema_validator": "scripts/validate_realism_final_report_schema.py",
    "deepseek_v31_runner": "scripts/run_deepseek_seeded_pilot_v31.py",
    "deepseek_v31_dry_run_summary": "results/deepseek_seeded_pilot/deepseek-v31-dry-run-20260626/run_summary.json",
    "deepseek_v31_prompt_report": "reports/deepseek_v31_prompt_dry_run_report_20260626.md",
    "deepseek_v31_run_summary": "results/deepseek_seeded_pilot/deepseek-v31-seeded-pilot-20260626/run_summary.json",
    "deepseek_v31_prompts": "results/deepseek_seeded_pilot/deepseek-v31-seeded-pilot-20260626/prompts.jsonl",
    "deepseek_v31_responses": "results/deepseek_seeded_pilot/deepseek-v31-seeded-pilot-20260626/responses.jsonl",
    "deepseek_v31_repaired_reports": "results/deepseek_seeded_pilot/deepseek-v31-seeded-pilot-20260626/repaired_reports.jsonl",
    "deepseek_v31_repair_summary": "results/deepseek_seeded_pilot/deepseek-v31-seeded-pilot-20260626/repair_summary.json",
    "deepseek_v31_score_report": "results/deepseek_seeded_pilot/deepseek-v31-seeded-pilot-20260626/scores/pilot_score_report.md",
    "deepseek_v31_schema_validation": "reports/schema_validation_deepseek_v31_repaired_20260626.md",
    "deepseek_v30_vs_v31_comparison": "reports/deepseek_v30_vs_v31_comparison_20260626.md",
    "environment_lock_v1": "configs/environment_lock_v1.md",
    "v32_model_ability_plan": "plans/model_ability_v32_experiment_plan.md",
    "v32_observation_builder": "scripts/build_v32_model_ability_observations.py",
    "v32_runner": "scripts/run_deepseek_seeded_pilot_v32.py",
    "model_ability_compare_script": "scripts/compare_model_ability_runs.py",
    "v32_evidence_budget": "data/evidence_budget_v1.json",
    "v32_neutral_summary_observations": "data/telemetry/v32_neutral_summary_observations.jsonl",
    "v32_summary_balanced_observations": "data/telemetry/v32_summary_balanced_observations.jsonl",
    "v32_raw_interaction_observations": "data/telemetry/v32_raw_interaction_observations.jsonl",
    "v32_raw_full_observations": "data/telemetry/v32_raw_full_observations.jsonl",
    "v32_raw_balanced_observations": "data/telemetry/v32_raw_balanced_observations.jsonl",
    "v32_observation_build_report": "reports/v32_observation_build_report_20260626.md",
    "v32_summary_balanced_dry_run_summary": "results/deepseek_seeded_pilot/deepseek-v32-summary-balanced-dry-run-20260626/run_summary.json",
    "v32_summary_balanced_dry_run_prompts": "results/deepseek_seeded_pilot/deepseek-v32-summary-balanced-dry-run-20260626/prompts.jsonl",
    "v32_raw_balanced_dry_run_summary": "results/deepseek_seeded_pilot/deepseek-v32-raw-balanced-dry-run-20260626/run_summary.json",
    "v32_raw_balanced_dry_run_prompts": "results/deepseek_seeded_pilot/deepseek-v32-raw-balanced-dry-run-20260626/prompts.jsonl",
    "v32_summary_balanced_prompt_report": "reports/deepseek_v32_summary_balanced_prompt_dry_run_report_20260626.md",
    "v32_raw_balanced_prompt_report": "reports/deepseek_v32_raw_balanced_prompt_dry_run_report_20260626.md",
    "model_ability_compare_smoke": "reports/model_ability_compare_smoke_20260626.md",
    "v32_completion_audit": "reports/v32_model_ability_completion_audit_20260626.md",
    "deepseek_v32_summary_balanced_run_summary": "results/deepseek_seeded_pilot/deepseek-v32-summary-balanced-seeded-pilot-20260626/run_summary.json",
    "deepseek_v32_summary_balanced_prompts": "results/deepseek_seeded_pilot/deepseek-v32-summary-balanced-seeded-pilot-20260626/prompts.jsonl",
    "deepseek_v32_summary_balanced_responses": "results/deepseek_seeded_pilot/deepseek-v32-summary-balanced-seeded-pilot-20260626/responses.jsonl",
    "deepseek_v32_summary_balanced_repaired_reports": "results/deepseek_seeded_pilot/deepseek-v32-summary-balanced-seeded-pilot-20260626/repaired_reports.jsonl",
    "deepseek_v32_summary_balanced_score_report": "results/deepseek_seeded_pilot/deepseek-v32-summary-balanced-seeded-pilot-20260626/scores/pilot_score_report.md",
    "deepseek_v32_summary_balanced_schema_validation": "reports/schema_validation_deepseek_v32_summary_balanced_20260626.md",
    "deepseek_v32_raw_balanced_run_summary": "results/deepseek_seeded_pilot/deepseek-v32-raw-balanced-seeded-pilot-20260626/run_summary.json",
    "deepseek_v32_raw_balanced_prompts": "results/deepseek_seeded_pilot/deepseek-v32-raw-balanced-seeded-pilot-20260626/prompts.jsonl",
    "deepseek_v32_raw_balanced_responses": "results/deepseek_seeded_pilot/deepseek-v32-raw-balanced-seeded-pilot-20260626/responses.jsonl",
    "deepseek_v32_raw_balanced_repaired_reports": "results/deepseek_seeded_pilot/deepseek-v32-raw-balanced-seeded-pilot-20260626/repaired_reports.jsonl",
    "deepseek_v32_raw_balanced_score_report": "results/deepseek_seeded_pilot/deepseek-v32-raw-balanced-seeded-pilot-20260626/scores/pilot_score_report.md",
    "deepseek_v32_raw_balanced_schema_validation": "reports/schema_validation_deepseek_v32_raw_balanced_20260626.md",
    "deepseek_v31_vs_v32_summary_balanced_comparison": "reports/deepseek_v31_vs_v32_summary_balanced_model_ability_20260626.md",
    "deepseek_v31_vs_v32_raw_balanced_comparison": "reports/deepseek_v31_vs_v32_raw_balanced_model_ability_20260626.md",
    "deepseek_v32_summary_vs_raw_balanced_comparison": "reports/deepseek_v32_summary_vs_raw_balanced_model_ability_20260626.md",
    "deepseek_v31_v32_model_ability_result": "reports/deepseek_v31_v32_model_ability_result_20260626.md",
    "deepseek_v32_raw_balanced_transport_retry_note": "reports/deepseek_v32_raw_balanced_transport_retry_note_20260626.md"
  }
}
